
Microsoft Visual Studio Solution File, Format Version 12.00
# Visual Studio Version 16
VisualStudioVersion = 16.0.31729.503
MinimumVisualStudioVersion = 10.0.40219.1
Project("{FAE04EC0-301F-11D3-BF4B-00C04F79EFBC}") = "BikeShowroom", "BikeShowroom\BikeShowroom.csproj", "{EAC32FD3-3498-4BEE-B7B2-EFAD6D98ABF7}"
EndProject
Global
	GlobalSection(SolutionConfigurationPlatforms) = preSolution
		Debug|Any CPU = Debug|Any CPU
		Release|Any CPU = Release|Any CPU
	EndGlobalSection
	GlobalSection(ProjectConfigurationPlatforms) = postSolution
		{EAC32FD3-3498-4BEE-B7B2-EFAD6D98ABF7}.Debug|Any CPU.ActiveCfg = Debug|Any CPU
		{EAC32FD3-3498-4BEE-B7B2-EFAD6D98ABF7}.Debug|Any CPU.Build.0 = Debug|Any CPU
		{EAC32FD3-3498-4BEE-B7B2-EFAD6D98ABF7}.Release|Any CPU.ActiveCfg = Release|Any CPU
		{EAC32FD3-3498-4BEE-B7B2-EFAD6D98ABF7}.Release|Any CPU.Build.0 = Release|Any CPU
	EndGlobalSection
	GlobalSection(SolutionProperties) = preSolution
		HideSolutionNode = FALSE
	EndGlobalSection
	GlobalSection(ExtensibilityGlobals) = postSolution
		SolutionGuid = {A1F7F66A-4A82-46A6-8619-D7BB537363B1}
	EndGlobalSection
EndGlobal
