
Microsoft Visual Studio Solution File, Format Version 12.00
# Visual Studio Version 16
VisualStudioVersion = 16.0.31729.503
MinimumVisualStudioVersion = 10.0.40219.1
Project("{FAE04EC0-301F-11D3-BF4B-00C04F79EFBC}") = "MyMath", "MyMath\MyMath.csproj", "{F327EEEB-C2D1-444B-9E82-A731FB4F1028}"
EndProject
Project("{FAE04EC0-301F-11D3-BF4B-00C04F79EFBC}") = "MathTests", "MathTests\MathTests.csproj", "{6D3135C0-B40C-4901-8536-D12E9A7D56C8}"
EndProject
Global
	GlobalSection(SolutionConfigurationPlatforms) = preSolution
		Debug|Any CPU = Debug|Any CPU
		Release|Any CPU = Release|Any CPU
	EndGlobalSection
	GlobalSection(ProjectConfigurationPlatforms) = postSolution
		{F327EEEB-C2D1-444B-9E82-A731FB4F1028}.Debug|Any CPU.ActiveCfg = Debug|Any CPU
		{F327EEEB-C2D1-444B-9E82-A731FB4F1028}.Debug|Any CPU.Build.0 = Debug|Any CPU
		{F327EEEB-C2D1-444B-9E82-A731FB4F1028}.Release|Any CPU.ActiveCfg = Release|Any CPU
		{F327EEEB-C2D1-444B-9E82-A731FB4F1028}.Release|Any CPU.Build.0 = Release|Any CPU
		{6D3135C0-B40C-4901-8536-D12E9A7D56C8}.Debug|Any CPU.ActiveCfg = Debug|Any CPU
		{6D3135C0-B40C-4901-8536-D12E9A7D56C8}.Debug|Any CPU.Build.0 = Debug|Any CPU
		{6D3135C0-B40C-4901-8536-D12E9A7D56C8}.Release|Any CPU.ActiveCfg = Release|Any CPU
		{6D3135C0-B40C-4901-8536-D12E9A7D56C8}.Release|Any CPU.Build.0 = Release|Any CPU
	EndGlobalSection
	GlobalSection(SolutionProperties) = preSolution
		HideSolutionNode = FALSE
	EndGlobalSection
	GlobalSection(ExtensibilityGlobals) = postSolution
		SolutionGuid = {872190BF-C705-4394-A0AF-6E9851B41050}
	EndGlobalSection
EndGlobal
