
Microsoft Visual Studio Solution File, Format Version 12.00
# Visual Studio Version 16
VisualStudioVersion = 16.0.31729.503
MinimumVisualStudioVersion = 10.0.40219.1
Project("{FAE04EC0-301F-11D3-BF4B-00C04F79EFBC}") = "PraticeApi", "PraticeApi\PraticeApi.csproj", "{526F11B1-AA7B-4D04-8CF6-14D401FFDC6F}"
EndProject
Global
	GlobalSection(SolutionConfigurationPlatforms) = preSolution
		Debug|Any CPU = Debug|Any CPU
		Release|Any CPU = Release|Any CPU
	EndGlobalSection
	GlobalSection(ProjectConfigurationPlatforms) = postSolution
		{526F11B1-AA7B-4D04-8CF6-14D401FFDC6F}.Debug|Any CPU.ActiveCfg = Debug|Any CPU
		{526F11B1-AA7B-4D04-8CF6-14D401FFDC6F}.Debug|Any CPU.Build.0 = Debug|Any CPU
		{526F11B1-AA7B-4D04-8CF6-14D401FFDC6F}.Release|Any CPU.ActiveCfg = Release|Any CPU
		{526F11B1-AA7B-4D04-8CF6-14D401FFDC6F}.Release|Any CPU.Build.0 = Release|Any CPU
	EndGlobalSection
	GlobalSection(SolutionProperties) = preSolution
		HideSolutionNode = FALSE
	EndGlobalSection
	GlobalSection(ExtensibilityGlobals) = postSolution
		SolutionGuid = {94B8BB1E-244B-4B59-9005-048FAA452521}
	EndGlobalSection
EndGlobal
