
Microsoft Visual Studio Solution File, Format Version 12.00
# Visual Studio Version 16
VisualStudioVersion = 16.0.31729.503
MinimumVisualStudioVersion = 10.0.40219.1
Project("{FAE04EC0-301F-11D3-BF4B-00C04F79EFBC}") = "School", "School\School.csproj", "{CFA759AB-CCBB-4897-935D-FEDC2E37BAF3}"
EndProject
Global
	GlobalSection(SolutionConfigurationPlatforms) = preSolution
		Debug|Any CPU = Debug|Any CPU
		Release|Any CPU = Release|Any CPU
	EndGlobalSection
	GlobalSection(ProjectConfigurationPlatforms) = postSolution
		{CFA759AB-CCBB-4897-935D-FEDC2E37BAF3}.Debug|Any CPU.ActiveCfg = Debug|Any CPU
		{CFA759AB-CCBB-4897-935D-FEDC2E37BAF3}.Debug|Any CPU.Build.0 = Debug|Any CPU
		{CFA759AB-CCBB-4897-935D-FEDC2E37BAF3}.Release|Any CPU.ActiveCfg = Release|Any CPU
		{CFA759AB-CCBB-4897-935D-FEDC2E37BAF3}.Release|Any CPU.Build.0 = Release|Any CPU
	EndGlobalSection
	GlobalSection(SolutionProperties) = preSolution
		HideSolutionNode = FALSE
	EndGlobalSection
	GlobalSection(ExtensibilityGlobals) = postSolution
		SolutionGuid = {7B74A8BC-37ED-4487-BC7C-844AD332AA0D}
	EndGlobalSection
EndGlobal
